// !$*UTF8*$!
{
	archiveVersion = 1;
	classes = {
	};
	objectVersion = 56;
	objects = {

/* Begin PBXBuildFile section */
		E65D192A2B4485C100A68346 /* BugReportView.swift in Sources */ = {isa = PBXBuildFile; fileRef = E65D19292B4485C100A68346 /* BugReportView.swift */; };
		E65D192D2B44A42700A68346 /* Localizable.strings in Resources */ = {isa = PBXBuildFile; fileRef = E65D192F2B44A42700A68346 /* Localizable.strings */; };
		E666ECC12B4D6FA90029C784 /* TestView.swift in Sources */ = {isa = PBXBuildFile; fileRef = E666ECC02B4D6FA90029C784 /* TestView.swift */; };
		E67F6A4E2B4BF304002A9626 /* SpeechText.swift in Sources */ = {isa = PBXBuildFile; fileRef = E67F6A4D2B4BF304002A9626 /* SpeechText.swift */; };
		E67F6A502B4BF360002A9626 /* SpeechBubbleView.swift in Sources */ = {isa = PBXBuildFile; fileRef = E67F6A4F2B4BF360002A9626 /* SpeechBubbleView.swift */; };
		E67F6A522B4D57CC002A9626 /* CareerCarouselView.swift in Sources */ = {isa = PBXBuildFile; fileRef = E67F6A512B4D57CC002A9626 /* CareerCarouselView.swift */; };
		E67F6A542B4D583B002A9626 /* CareerOpportunity.swift in Sources */ = {isa = PBXBuildFile; fileRef = E67F6A532B4D583B002A9626 /* CareerOpportunity.swift */; };
		E67F6A562B4D59F8002A9626 /* CareerViewModel.swift in Sources */ = {isa = PBXBuildFile; fileRef = E67F6A552B4D59F8002A9626 /* CareerViewModel.swift */; };
		E6BF369F2B442B2100E0B4D2 /* CalendarView.swift in Sources */ = {isa = PBXBuildFile; fileRef = E6BF369E2B442B2100E0B4D2 /* CalendarView.swift */; };
		E6BF36A32B4458B000E0B4D2 /* KioskView.swift in Sources */ = {isa = PBXBuildFile; fileRef = E6BF36A22B4458B000E0B4D2 /* KioskView.swift */; };
		E6BF36A52B446A4E00E0B4D2 /* OnboardingView.swift in Sources */ = {isa = PBXBuildFile; fileRef = E6BF36A42B446A4E00E0B4D2 /* OnboardingView.swift */; };
		E6C9ECBA2B41B69A003F107A /* OnlineEventsApp.swift in Sources */ = {isa = PBXBuildFile; fileRef = E6C9ECB92B41B69A003F107A /* OnlineEventsApp.swift */; };
		E6C9ECBC2B41B69A003F107A /* ContentView.swift in Sources */ = {isa = PBXBuildFile; fileRef = E6C9ECBB2B41B69A003F107A /* ContentView.swift */; };
		E6C9ECBE2B41B69B003F107A /* Assets.xcassets in Resources */ = {isa = PBXBuildFile; fileRef = E6C9ECBD2B41B69B003F107A /* Assets.xcassets */; };
		E6C9ECC12B41B69B003F107A /* Preview Assets.xcassets in Resources */ = {isa = PBXBuildFile; fileRef = E6C9ECC02B41B69B003F107A /* Preview Assets.xcassets */; };
		E6C9ECE62B41B78F003F107A /* EventItemView.swift in Sources */ = {isa = PBXBuildFile; fileRef = E6C9ECE52B41B78F003F107A /* EventItemView.swift */; };
		E6C9ECEA2B41B8E2003F107A /* EventResponse.swift in Sources */ = {isa = PBXBuildFile; fileRef = E6C9ECE92B41B8E2003F107A /* EventResponse.swift */; };
		E6C9ECEC2B41B914003F107A /* EventViewModel.swift in Sources */ = {isa = PBXBuildFile; fileRef = E6C9ECEB2B41B914003F107A /* EventViewModel.swift */; };
		E6C9ECEE2B41C238003F107A /* Graf.png in Resources */ = {isa = PBXBuildFile; fileRef = E6C9ECED2B41C238003F107A /* Graf.png */; };
		E6C9ECF22B41C972003F107A /* UpcomingEventsView.swift in Sources */ = {isa = PBXBuildFile; fileRef = E6C9ECF12B41C972003F107A /* UpcomingEventsView.swift */; };
		E6C9ECF42B41C9C3003F107A /* UpcomingRegistrationView.swift in Sources */ = {isa = PBXBuildFile; fileRef = E6C9ECF32B41C9C3003F107A /* UpcomingRegistrationView.swift */; };
		E6C9ECF82B424656003F107A /* HomeView.swift in Sources */ = {isa = PBXBuildFile; fileRef = E6C9ECF72B424656003F107A /* HomeView.swift */; };
		E6FA0DA22B42FA2400BD4AA0 /* NotificationManager.swift in Sources */ = {isa = PBXBuildFile; fileRef = E6FA0DA12B42FA2400BD4AA0 /* NotificationManager.swift */; };
		E6FA0DA42B4304EC00BD4AA0 /* EventDetailView.swift in Sources */ = {isa = PBXBuildFile; fileRef = E6FA0DA32B4304EC00BD4AA0 /* EventDetailView.swift */; };
		E6FA0DA62B43116800BD4AA0 /* ReminderSheetView.swift in Sources */ = {isa = PBXBuildFile; fileRef = E6FA0DA52B43116800BD4AA0 /* ReminderSheetView.swift */; };
		E6FA0DA82B4316C000BD4AA0 /* NotificationViewModel.swift in Sources */ = {isa = PBXBuildFile; fileRef = E6FA0DA72B4316C000BD4AA0 /* NotificationViewModel.swift */; };
		E6FA0DAA2B4316DB00BD4AA0 /* NotificationsView.swift in Sources */ = {isa = PBXBuildFile; fileRef = E6FA0DA92B4316DB00BD4AA0 /* NotificationsView.swift */; };
		E6FA3F2E2B5AB489008221A1 /* MarkdownUI in Frameworks */ = {isa = PBXBuildFile; productRef = E6FA3F2D2B5AB489008221A1 /* MarkdownUI */; };
/* End PBXBuildFile section */

/* Begin PBXCopyFilesBuildPhase section */
		E6BF369A2B43514600E0B4D2 /* Embed Foundation Extensions */ = {
			isa = PBXCopyFilesBuildPhase;
			buildActionMask = 2147483647;
			dstPath = "";
			dstSubfolderSpec = 13;
			files = (
			);
			name = "Embed Foundation Extensions";
			runOnlyForDeploymentPostprocessing = 0;
		};
/* End PBXCopyFilesBuildPhase section */

/* Begin PBXFileReference section */
		E65D19292B4485C100A68346 /* BugReportView.swift */ = {isa = PBXFileReference; lastKnownFileType = sourcecode.swift; path = BugReportView.swift; sourceTree = "<group>"; };
		E65D192E2B44A42700A68346 /* nb */ = {isa = PBXFileReference; lastKnownFileType = text.plist.strings; name = nb; path = nb.lproj/Localizable.strings; sourceTree = "<group>"; };
		E65D19302B44A44D00A68346 /* en */ = {isa = PBXFileReference; lastKnownFileType = text.plist.strings; name = en; path = en.lproj/Localizable.strings; sourceTree = "<group>"; };
		E666ECC02B4D6FA90029C784 /* TestView.swift */ = {isa = PBXFileReference; lastKnownFileType = sourcecode.swift; path = TestView.swift; sourceTree = "<group>"; };
		E67F6A4D2B4BF304002A9626 /* SpeechText.swift */ = {isa = PBXFileReference; lastKnownFileType = sourcecode.swift; path = SpeechText.swift; sourceTree = "<group>"; };
		E67F6A4F2B4BF360002A9626 /* SpeechBubbleView.swift */ = {isa = PBXFileReference; lastKnownFileType = sourcecode.swift; path = SpeechBubbleView.swift; sourceTree = "<group>"; };
		E67F6A512B4D57CC002A9626 /* CareerCarouselView.swift */ = {isa = PBXFileReference; lastKnownFileType = sourcecode.swift; path = CareerCarouselView.swift; sourceTree = "<group>"; };
		E67F6A532B4D583B002A9626 /* CareerOpportunity.swift */ = {isa = PBXFileReference; lastKnownFileType = sourcecode.swift; path = CareerOpportunity.swift; sourceTree = "<group>"; };
		E67F6A552B4D59F8002A9626 /* CareerViewModel.swift */ = {isa = PBXFileReference; lastKnownFileType = sourcecode.swift; path = CareerViewModel.swift; sourceTree = "<group>"; };
		E69CFA952B51605900B37B5E /* Info.plist */ = {isa = PBXFileReference; lastKnownFileType = text.plist; path = Info.plist; sourceTree = "<group>"; };
		E6BF36872B43514500E0B4D2 /* WidgetKit.framework */ = {isa = PBXFileReference; lastKnownFileType = wrapper.framework; name = WidgetKit.framework; path = System/Library/Frameworks/WidgetKit.framework; sourceTree = SDKROOT; };
		E6BF36892B43514500E0B4D2 /* SwiftUI.framework */ = {isa = PBXFileReference; lastKnownFileType = wrapper.framework; name = SwiftUI.framework; path = System/Library/Frameworks/SwiftUI.framework; sourceTree = SDKROOT; };
		E6BF369E2B442B2100E0B4D2 /* CalendarView.swift */ = {isa = PBXFileReference; lastKnownFileType = sourcecode.swift; path = CalendarView.swift; sourceTree = "<group>"; };
		E6BF36A22B4458B000E0B4D2 /* KioskView.swift */ = {isa = PBXFileReference; lastKnownFileType = sourcecode.swift; path = KioskView.swift; sourceTree = "<group>"; };
		E6BF36A42B446A4E00E0B4D2 /* OnboardingView.swift */ = {isa = PBXFileReference; lastKnownFileType = sourcecode.swift; path = OnboardingView.swift; sourceTree = "<group>"; };
		E6C9ECB62B41B69A003F107A /* OnlineEvents.app */ = {isa = PBXFileReference; explicitFileType = wrapper.application; includeInIndex = 0; path = OnlineEvents.app; sourceTree = BUILT_PRODUCTS_DIR; };
		E6C9ECB92B41B69A003F107A /* OnlineEventsApp.swift */ = {isa = PBXFileReference; lastKnownFileType = sourcecode.swift; path = OnlineEventsApp.swift; sourceTree = "<group>"; };
		E6C9ECBB2B41B69A003F107A /* ContentView.swift */ = {isa = PBXFileReference; lastKnownFileType = sourcecode.swift; path = ContentView.swift; sourceTree = "<group>"; };
		E6C9ECBD2B41B69B003F107A /* Assets.xcassets */ = {isa = PBXFileReference; lastKnownFileType = folder.assetcatalog; path = Assets.xcassets; sourceTree = "<group>"; };
		E6C9ECC02B41B69B003F107A /* Preview Assets.xcassets */ = {isa = PBXFileReference; lastKnownFileType = folder.assetcatalog; path = "Preview Assets.xcassets"; sourceTree = "<group>"; };
		E6C9ECCA2B41B69B003F107A /* OnlineEventsTests.swift */ = {isa = PBXFileReference; lastKnownFileType = sourcecode.swift; path = OnlineEventsTests.swift; sourceTree = "<group>"; };
		E6C9ECD42B41B69B003F107A /* OnlineEventsUITests.swift */ = {isa = PBXFileReference; lastKnownFileType = sourcecode.swift; path = OnlineEventsUITests.swift; sourceTree = "<group>"; };
		E6C9ECD62B41B69B003F107A /* OnlineEventsUITestsLaunchTests.swift */ = {isa = PBXFileReference; lastKnownFileType = sourcecode.swift; path = OnlineEventsUITestsLaunchTests.swift; sourceTree = "<group>"; };
		E6C9ECE52B41B78F003F107A /* EventItemView.swift */ = {isa = PBXFileReference; lastKnownFileType = sourcecode.swift; path = EventItemView.swift; sourceTree = "<group>"; };
		E6C9ECE92B41B8E2003F107A /* EventResponse.swift */ = {isa = PBXFileReference; lastKnownFileType = sourcecode.swift; path = EventResponse.swift; sourceTree = "<group>"; };
		E6C9ECEB2B41B914003F107A /* EventViewModel.swift */ = {isa = PBXFileReference; lastKnownFileType = sourcecode.swift; path = EventViewModel.swift; sourceTree = "<group>"; };
		E6C9ECED2B41C238003F107A /* Graf.png */ = {isa = PBXFileReference; lastKnownFileType = image.png; path = Graf.png; sourceTree = "<group>"; };
		E6C9ECF12B41C972003F107A /* UpcomingEventsView.swift */ = {isa = PBXFileReference; lastKnownFileType = sourcecode.swift; path = UpcomingEventsView.swift; sourceTree = "<group>"; };
		E6C9ECF32B41C9C3003F107A /* UpcomingRegistrationView.swift */ = {isa = PBXFileReference; lastKnownFileType = sourcecode.swift; path = UpcomingRegistrationView.swift; sourceTree = "<group>"; };
		E6C9ECF72B424656003F107A /* HomeView.swift */ = {isa = PBXFileReference; lastKnownFileType = sourcecode.swift; path = HomeView.swift; sourceTree = "<group>"; };
		E6FA0DA12B42FA2400BD4AA0 /* NotificationManager.swift */ = {isa = PBXFileReference; lastKnownFileType = sourcecode.swift; path = NotificationManager.swift; sourceTree = "<group>"; };
		E6FA0DA32B4304EC00BD4AA0 /* EventDetailView.swift */ = {isa = PBXFileReference; lastKnownFileType = sourcecode.swift; path = EventDetailView.swift; sourceTree = "<group>"; };
		E6FA0DA52B43116800BD4AA0 /* ReminderSheetView.swift */ = {isa = PBXFileReference; lastKnownFileType = sourcecode.swift; path = ReminderSheetView.swift; sourceTree = "<group>"; };
		E6FA0DA72B4316C000BD4AA0 /* NotificationViewModel.swift */ = {isa = PBXFileReference; lastKnownFileType = sourcecode.swift; path = NotificationViewModel.swift; sourceTree = "<group>"; };
		E6FA0DA92B4316DB00BD4AA0 /* NotificationsView.swift */ = {isa = PBXFileReference; lastKnownFileType = sourcecode.swift; path = NotificationsView.swift; sourceTree = "<group>"; };
/* End PBXFileReference section */

/* Begin PBXFrameworksBuildPhase section */
		E6C9ECB32B41B69A003F107A /* Frameworks */ = {
			isa = PBXFrameworksBuildPhase;
			buildActionMask = 2147483647;
			files = (
				E6FA3F2E2B5AB489008221A1 /* MarkdownUI in Frameworks */,
			);
			runOnlyForDeploymentPostprocessing = 0;
		};
/* End PBXFrameworksBuildPhase section */

/* Begin PBXGroup section */
		E6BF36862B43514500E0B4D2 /* Frameworks */ = {
			isa = PBXGroup;
			children = (
				E6BF36872B43514500E0B4D2 /* WidgetKit.framework */,
				E6BF36892B43514500E0B4D2 /* SwiftUI.framework */,
			);
			name = Frameworks;
			sourceTree = "<group>";
		};
		E6C9ECAD2B41B69A003F107A = {
			isa = PBXGroup;
			children = (
				E6C9ECB82B41B69A003F107A /* OnlineEvents */,
				E6C9ECC92B41B69B003F107A /* OnlineEventsTests */,
				E6C9ECD32B41B69B003F107A /* OnlineEventsUITests */,
				E6BF36862B43514500E0B4D2 /* Frameworks */,
				E6C9ECB72B41B69A003F107A /* Products */,
			);
			sourceTree = "<group>";
		};
		E6C9ECB72B41B69A003F107A /* Products */ = {
			isa = PBXGroup;
			children = (
				E6C9ECB62B41B69A003F107A /* OnlineEvents.app */,
			);
			name = Products;
			sourceTree = "<group>";
		};
		E6C9ECB82B41B69A003F107A /* OnlineEvents */ = {
			isa = PBXGroup;
			children = (
				E69CFA952B51605900B37B5E /* Info.plist */,
				E6C9ECB92B41B69A003F107A /* OnlineEventsApp.swift */,
				E6C9ECBB2B41B69A003F107A /* ContentView.swift */,
				E6BF36A42B446A4E00E0B4D2 /* OnboardingView.swift */,
				E6BF36A22B4458B000E0B4D2 /* KioskView.swift */,
				E6FA0DA12B42FA2400BD4AA0 /* NotificationManager.swift */,
				E6FA0DA72B4316C000BD4AA0 /* NotificationViewModel.swift */,
				E6FA0DA92B4316DB00BD4AA0 /* NotificationsView.swift */,
				E6C9ECF72B424656003F107A /* HomeView.swift */,
				E67F6A532B4D583B002A9626 /* CareerOpportunity.swift */,
				E67F6A552B4D59F8002A9626 /* CareerViewModel.swift */,
				E67F6A512B4D57CC002A9626 /* CareerCarouselView.swift */,
				E6C9ECEB2B41B914003F107A /* EventViewModel.swift */,
				E67F6A4D2B4BF304002A9626 /* SpeechText.swift */,
				E67F6A4F2B4BF360002A9626 /* SpeechBubbleView.swift */,
				E6FA0DA32B4304EC00BD4AA0 /* EventDetailView.swift */,
				E6FA0DA52B43116800BD4AA0 /* ReminderSheetView.swift */,
				E6C9ECF12B41C972003F107A /* UpcomingEventsView.swift */,
				E6C9ECF32B41C9C3003F107A /* UpcomingRegistrationView.swift */,
				E6BF369E2B442B2100E0B4D2 /* CalendarView.swift */,
				E6C9ECE92B41B8E2003F107A /* EventResponse.swift */,
				E6C9ECE52B41B78F003F107A /* EventItemView.swift */,
				E65D19292B4485C100A68346 /* BugReportView.swift */,
				E666ECC02B4D6FA90029C784 /* TestView.swift */,
				E65D192F2B44A42700A68346 /* Localizable.strings */,
				E6C9ECBD2B41B69B003F107A /* Assets.xcassets */,
				E6C9ECBF2B41B69B003F107A /* Preview Content */,
			);
			path = OnlineEvents;
			sourceTree = "<group>";
		};
		E6C9ECBF2B41B69B003F107A /* Preview Content */ = {
			isa = PBXGroup;
			children = (
				E6C9ECC02B41B69B003F107A /* Preview Assets.xcassets */,
				E6C9ECED2B41C238003F107A /* Graf.png */,
			);
			path = "Preview Content";
			sourceTree = "<group>";
		};
		E6C9ECC92B41B69B003F107A /* OnlineEventsTests */ = {
			isa = PBXGroup;
			children = (
				E6C9ECCA2B41B69B003F107A /* OnlineEventsTests.swift */,
			);
			path = OnlineEventsTests;
			sourceTree = "<group>";
		};
		E6C9ECD32B41B69B003F107A /* OnlineEventsUITests */ = {
			isa = PBXGroup;
			children = (
				E6C9ECD42B41B69B003F107A /* OnlineEventsUITests.swift */,
				E6C9ECD62B41B69B003F107A /* OnlineEventsUITestsLaunchTests.swift */,
			);
			path = OnlineEventsUITests;
			sourceTree = "<group>";
		};
/* End PBXGroup section */

/* Begin PBXNativeTarget section */
		E6C9ECB52B41B69A003F107A /* OnlineEvents */ = {
			isa = PBXNativeTarget;
			buildConfigurationList = E6C9ECDA2B41B69B003F107A /* Build configuration list for PBXNativeTarget "OnlineEvents" */;
			buildPhases = (
				E6C9ECB22B41B69A003F107A /* Sources */,
				E6C9ECB32B41B69A003F107A /* Frameworks */,
				E6C9ECB42B41B69A003F107A /* Resources */,
				E6BF369A2B43514600E0B4D2 /* Embed Foundation Extensions */,
			);
			buildRules = (
			);
			dependencies = (
			);
			name = OnlineEvents;
			packageProductDependencies = (
				E6FA3F2D2B5AB489008221A1 /* MarkdownUI */,
			);
			productName = OnlineEvents;
			productReference = E6C9ECB62B41B69A003F107A /* OnlineEvents.app */;
			productType = "com.apple.product-type.application";
		};
/* End PBXNativeTarget section */

/* Begin PBXProject section */
		E6C9ECAE2B41B69A003F107A /* Project object */ = {
			isa = PBXProject;
			attributes = {
				BuildIndependentTargetsInParallel = 1;
				LastSwiftUpdateCheck = 1500;
				LastUpgradeCheck = 1500;
				TargetAttributes = {
					E6C9ECB52B41B69A003F107A = {
						CreatedOnToolsVersion = 15.0;
					};
				};
			};
			buildConfigurationList = E6C9ECB12B41B69A003F107A /* Build configuration list for PBXProject "OnlineEvents" */;
			compatibilityVersion = "Xcode 14.0";
			developmentRegion = en;
			hasScannedForEncodings = 0;
			knownRegions = (
				en,
				Base,
				nb,
			);
			mainGroup = E6C9ECAD2B41B69A003F107A;
			packageReferences = (
				E6FA3F2C2B5AB489008221A1 /* XCRemoteSwiftPackageReference "swift-markdown-ui" */,
			);
			productRefGroup = E6C9ECB72B41B69A003F107A /* Products */;
			projectDirPath = "";
			projectRoot = "";
			targets = (
				E6C9ECB52B41B69A003F107A /* OnlineEvents */,
			);
		};
/* End PBXProject section */

/* Begin PBXResourcesBuildPhase section */
		E6C9ECB42B41B69A003F107A /* Resources */ = {
			isa = PBXResourcesBuildPhase;
			buildActionMask = 2147483647;
			files = (
				E6C9ECEE2B41C238003F107A /* Graf.png in Resources */,
				E65D192D2B44A42700A68346 /* Localizable.strings in Resources */,
				E6C9ECC12B41B69B003F107A /* Preview Assets.xcassets in Resources */,
				E6C9ECBE2B41B69B003F107A /* Assets.xcassets in Resources */,
			);
			runOnlyForDeploymentPostprocessing = 0;
		};
/* End PBXResourcesBuildPhase section */

/* Begin PBXSourcesBuildPhase section */
		E6C9ECB22B41B69A003F107A /* Sources */ = {
			isa = PBXSourcesBuildPhase;
			buildActionMask = 2147483647;
			files = (
				E6FA0DA62B43116800BD4AA0 /* ReminderSheetView.swift in Sources */,
				E6C9ECBC2B41B69A003F107A /* ContentView.swift in Sources */,
				E67F6A542B4D583B002A9626 /* CareerOpportunity.swift in Sources */,
				E6C9ECF22B41C972003F107A /* UpcomingEventsView.swift in Sources */,
				E6C9ECEA2B41B8E2003F107A /* EventResponse.swift in Sources */,
				E6FA0DA22B42FA2400BD4AA0 /* NotificationManager.swift in Sources */,
				E65D192A2B4485C100A68346 /* BugReportView.swift in Sources */,
				E6FA0DA82B4316C000BD4AA0 /* NotificationViewModel.swift in Sources */,
				E6C9ECE62B41B78F003F107A /* EventItemView.swift in Sources */,
				E6C9ECEC2B41B914003F107A /* EventViewModel.swift in Sources */,
				E6BF36A32B4458B000E0B4D2 /* KioskView.swift in Sources */,
				E67F6A522B4D57CC002A9626 /* CareerCarouselView.swift in Sources */,
				E6BF369F2B442B2100E0B4D2 /* CalendarView.swift in Sources */,
				E6FA0DA42B4304EC00BD4AA0 /* EventDetailView.swift in Sources */,
				E67F6A562B4D59F8002A9626 /* CareerViewModel.swift in Sources */,
				E6C9ECF82B424656003F107A /* HomeView.swift in Sources */,
				E6FA0DAA2B4316DB00BD4AA0 /* NotificationsView.swift in Sources */,
				E67F6A502B4BF360002A9626 /* SpeechBubbleView.swift in Sources */,
				E67F6A4E2B4BF304002A9626 /* SpeechText.swift in Sources */,
				E666ECC12B4D6FA90029C784 /* TestView.swift in Sources */,
				E6BF36A52B446A4E00E0B4D2 /* OnboardingView.swift in Sources */,
				E6C9ECBA2B41B69A003F107A /* OnlineEventsApp.swift in Sources */,
				E6C9ECF42B41C9C3003F107A /* UpcomingRegistrationView.swift in Sources */,
			);
			runOnlyForDeploymentPostprocessing = 0;
		};
/* End PBXSourcesBuildPhase section */

/* Begin PBXVariantGroup section */
		E65D192F2B44A42700A68346 /* Localizable.strings */ = {
			isa = PBXVariantGroup;
			children = (
				E65D192E2B44A42700A68346 /* nb */,
				E65D19302B44A44D00A68346 /* en */,
			);
			name = Localizable.strings;
			sourceTree = "<group>";
		};
/* End PBXVariantGroup section */

/* Begin XCBuildConfiguration section */
		E6C9ECD82B41B69B003F107A /* Debug */ = {
			isa = XCBuildConfiguration;
			buildSettings = {
				ALWAYS_SEARCH_USER_PATHS = NO;
				ASSETCATALOG_COMPILER_GENERATE_SWIFT_ASSET_SYMBOL_EXTENSIONS = YES;
				CLANG_ANALYZER_NONNULL = YES;
				CLANG_ANALYZER_NUMBER_OBJECT_CONVERSION = YES_AGGRESSIVE;
				CLANG_CXX_LANGUAGE_STANDARD = "gnu++20";
				CLANG_ENABLE_MODULES = YES;
				CLANG_ENABLE_OBJC_ARC = YES;
				CLANG_ENABLE_OBJC_WEAK = YES;
				CLANG_WARN_BLOCK_CAPTURE_AUTORELEASING = YES;
				CLANG_WARN_BOOL_CONVERSION = YES;
				CLANG_WARN_COMMA = YES;
				CLANG_WARN_CONSTANT_CONVERSION = YES;
				CLANG_WARN_DEPRECATED_OBJC_IMPLEMENTATIONS = YES;
				CLANG_WARN_DIRECT_OBJC_ISA_USAGE = YES_ERROR;
				CLANG_WARN_DOCUMENTATION_COMMENTS = YES;
				CLANG_WARN_EMPTY_BODY = YES;
				CLANG_WARN_ENUM_CONVERSION = YES;
				CLANG_WARN_INFINITE_RECURSION = YES;
				CLANG_WARN_INT_CONVERSION = YES;
				CLANG_WARN_NON_LITERAL_NULL_CONVERSION = YES;
				CLANG_WARN_OBJC_IMPLICIT_RETAIN_SELF = YES;
				CLANG_WARN_OBJC_LITERAL_CONVERSION = YES;
				CLANG_WARN_OBJC_ROOT_CLASS = YES_ERROR;
				CLANG_WARN_QUOTED_INCLUDE_IN_FRAMEWORK_HEADER = YES;
				CLANG_WARN_RANGE_LOOP_ANALYSIS = YES;
				CLANG_WARN_STRICT_PROTOTYPES = YES;
				CLANG_WARN_SUSPICIOUS_MOVE = YES;
				CLANG_WARN_UNGUARDED_AVAILABILITY = YES_AGGRESSIVE;
				CLANG_WARN_UNREACHABLE_CODE = YES;
				CLANG_WARN__DUPLICATE_METHOD_MATCH = YES;
				COPY_PHASE_STRIP = NO;
				DEBUG_INFORMATION_FORMAT = dwarf;
				ENABLE_STRICT_OBJC_MSGSEND = YES;
				ENABLE_TESTABILITY = YES;
				ENABLE_USER_SCRIPT_SANDBOXING = YES;
				GCC_C_LANGUAGE_STANDARD = gnu17;
				GCC_DYNAMIC_NO_PIC = NO;
				GCC_NO_COMMON_BLOCKS = YES;
				GCC_OPTIMIZATION_LEVEL = 0;
				GCC_PREPROCESSOR_DEFINITIONS = (
					"DEBUG=1",
					"$(inherited)",
				);
				GCC_WARN_64_TO_32_BIT_CONVERSION = YES;
				GCC_WARN_ABOUT_RETURN_TYPE = YES_ERROR;
				GCC_WARN_UNDECLARED_SELECTOR = YES;
				GCC_WARN_UNINITIALIZED_AUTOS = YES_AGGRESSIVE;
				GCC_WARN_UNUSED_FUNCTION = YES;
				GCC_WARN_UNUSED_VARIABLE = YES;
				IPHONEOS_DEPLOYMENT_TARGET = 17.0;
				LOCALIZATION_PREFERS_STRING_CATALOGS = YES;
				MTL_ENABLE_DEBUG_INFO = INCLUDE_SOURCE;
				MTL_FAST_MATH = YES;
				ONLY_ACTIVE_ARCH = YES;
				SDKROOT = iphoneos;
				SWIFT_ACTIVE_COMPILATION_CONDITIONS = "DEBUG $(inherited)";
				SWIFT_OPTIMIZATION_LEVEL = "-Onone";
			};
			name = Debug;
		};
		E6C9ECD92B41B69B003F107A /* Release */ = {
			isa = XCBuildConfiguration;
			buildSettings = {
				ALWAYS_SEARCH_USER_PATHS = NO;
				ASSETCATALOG_COMPILER_GENERATE_SWIFT_ASSET_SYMBOL_EXTENSIONS = YES;
				CLANG_ANALYZER_NONNULL = YES;
				CLANG_ANALYZER_NUMBER_OBJECT_CONVERSION = YES_AGGRESSIVE;
				CLANG_CXX_LANGUAGE_STANDARD = "gnu++20";
				CLANG_ENABLE_MODULES = YES;
				CLANG_ENABLE_OBJC_ARC = YES;
				CLANG_ENABLE_OBJC_WEAK = YES;
				CLANG_WARN_BLOCK_CAPTURE_AUTORELEASING = YES;
				CLANG_WARN_BOOL_CONVERSION = YES;
				CLANG_WARN_COMMA = YES;
				CLANG_WARN_CONSTANT_CONVERSION = YES;
				CLANG_WARN_DEPRECATED_OBJC_IMPLEMENTATIONS = YES;
				CLANG_WARN_DIRECT_OBJC_ISA_USAGE = YES_ERROR;
				CLANG_WARN_DOCUMENTATION_COMMENTS = YES;
				CLANG_WARN_EMPTY_BODY = YES;
				CLANG_WARN_ENUM_CONVERSION = YES;
				CLANG_WARN_INFINITE_RECURSION = YES;
				CLANG_WARN_INT_CONVERSION = YES;
				CLANG_WARN_NON_LITERAL_NULL_CONVERSION = YES;
				CLANG_WARN_OBJC_IMPLICIT_RETAIN_SELF = YES;
				CLANG_WARN_OBJC_LITERAL_CONVERSION = YES;
				CLANG_WARN_OBJC_ROOT_CLASS = YES_ERROR;
				CLANG_WARN_QUOTED_INCLUDE_IN_FRAMEWORK_HEADER = YES;
				CLANG_WARN_RANGE_LOOP_ANALYSIS = YES;
				CLANG_WARN_STRICT_PROTOTYPES = YES;
				CLANG_WARN_SUSPICIOUS_MOVE = YES;
				CLANG_WARN_UNGUARDED_AVAILABILITY = YES_AGGRESSIVE;
				CLANG_WARN_UNREACHABLE_CODE = YES;
				CLANG_WARN__DUPLICATE_METHOD_MATCH = YES;
				COPY_PHASE_STRIP = NO;
				DEBUG_INFORMATION_FORMAT = "dwarf-with-dsym";
				ENABLE_NS_ASSERTIONS = NO;
				ENABLE_STRICT_OBJC_MSGSEND = YES;
				ENABLE_USER_SCRIPT_SANDBOXING = YES;
				GCC_C_LANGUAGE_STANDARD = gnu17;
				GCC_NO_COMMON_BLOCKS = YES;
				GCC_WARN_64_TO_32_BIT_CONVERSION = YES;
				GCC_WARN_ABOUT_RETURN_TYPE = YES_ERROR;
				GCC_WARN_UNDECLARED_SELECTOR = YES;
				GCC_WARN_UNINITIALIZED_AUTOS = YES_AGGRESSIVE;
				GCC_WARN_UNUSED_FUNCTION = YES;
				GCC_WARN_UNUSED_VARIABLE = YES;
				IPHONEOS_DEPLOYMENT_TARGET = 17.0;
				LOCALIZATION_PREFERS_STRING_CATALOGS = YES;
				MTL_ENABLE_DEBUG_INFO = NO;
				MTL_FAST_MATH = YES;
				SDKROOT = iphoneos;
				SWIFT_COMPILATION_MODE = wholemodule;
				VALIDATE_PRODUCT = YES;
			};
			name = Release;
		};
		E6C9ECDB2B41B69B003F107A /* Debug */ = {
			isa = XCBuildConfiguration;
			buildSettings = {
				ASSETCATALOG_COMPILER_APPICON_NAME = AppIcon;
				ASSETCATALOG_COMPILER_GLOBAL_ACCENT_COLOR_NAME = AccentColor;
				CODE_SIGN_STYLE = Automatic;
				CURRENT_PROJECT_VERSION = 0;
				DEVELOPMENT_ASSET_PATHS = "\"OnlineEvents/Preview Content\"";
				DEVELOPMENT_TEAM = UASXCG345J;
				ENABLE_PREVIEWS = YES;
				GENERATE_INFOPLIST_FILE = YES;
				INFOPLIST_FILE = OnlineEvents/Info.plist;
				INFOPLIST_KEY_UIApplicationSupportsIndirectInputEvents = YES;
				INFOPLIST_KEY_UILaunchScreen_Generation = YES;
				INFOPLIST_KEY_UISupportedInterfaceOrientations = UIInterfaceOrientationPortrait;
				INFOPLIST_KEY_UISupportedInterfaceOrientations_iPad = "UIInterfaceOrientationLandscapeLeft UIInterfaceOrientationLandscapeRight UIInterfaceOrientationPortrait UIInterfaceOrientationPortraitUpsideDown";
				LD_RUNPATH_SEARCH_PATHS = (
					"$(inherited)",
					"@executable_path/Frameworks",
				);
				MARKETING_VERSION = 1.0.2;
				PRODUCT_BUNDLE_IDENTIFIER = Luka.OnlineEvents;
				PRODUCT_NAME = "$(TARGET_NAME)";
				SUPPORTED_PLATFORMS = "iphoneos iphonesimulator";
				SUPPORTS_MACCATALYST = NO;
				SWIFT_EMIT_LOC_STRINGS = YES;
				SWIFT_VERSION = 5.0;
				TARGETED_DEVICE_FAMILY = 1;
			};
			name = Debug;
		};
		E6C9ECDC2B41B69B003F107A /* Release */ = {
			isa = XCBuildConfiguration;
			buildSettings = {
				ASSETCATALOG_COMPILER_APPICON_NAME = AppIcon;
				ASSETCATALOG_COMPILER_GLOBAL_ACCENT_COLOR_NAME = AccentColor;
				CODE_SIGN_STYLE = Automatic;
				CURRENT_PROJECT_VERSION = 0;
				DEVELOPMENT_ASSET_PATHS = "\"OnlineEvents/Preview Content\"";
				DEVELOPMENT_TEAM = UASXCG345J;
				ENABLE_PREVIEWS = YES;
				GENERATE_INFOPLIST_FILE = YES;
				INFOPLIST_FILE = OnlineEvents/Info.plist;
				INFOPLIST_KEY_UIApplicationSupportsIndirectInputEvents = YES;
				INFOPLIST_KEY_UILaunchScreen_Generation = YES;
				INFOPLIST_KEY_UISupportedInterfaceOrientations = UIInterfaceOrientationPortrait;
				INFOPLIST_KEY_UISupportedInterfaceOrientations_iPad = "UIInterfaceOrientationLandscapeLeft UIInterfaceOrientationLandscapeRight UIInterfaceOrientationPortrait UIInterfaceOrientationPortraitUpsideDown";
				LD_RUNPATH_SEARCH_PATHS = (
					"$(inherited)",
					"@executable_path/Frameworks",
				);
				MARKETING_VERSION = 1.0.2;
				PRODUCT_BUNDLE_IDENTIFIER = Luka.OnlineEvents;
				PRODUCT_NAME = "$(TARGET_NAME)";
				SUPPORTED_PLATFORMS = "iphoneos iphonesimulator";
				SUPPORTS_MACCATALYST = NO;
				SWIFT_EMIT_LOC_STRINGS = YES;
				SWIFT_VERSION = 5.0;
				TARGETED_DEVICE_FAMILY = 1;
			};
			name = Release;
		};
/* End XCBuildConfiguration section */

/* Begin XCConfigurationList section */
		E6C9ECB12B41B69A003F107A /* Build configuration list for PBXProject "OnlineEvents" */ = {
			isa = XCConfigurationList;
			buildConfigurations = (
				E6C9ECD82B41B69B003F107A /* Debug */,
				E6C9ECD92B41B69B003F107A /* Release */,
			);
			defaultConfigurationIsVisible = 0;
			defaultConfigurationName = Release;
		};
		E6C9ECDA2B41B69B003F107A /* Build configuration list for PBXNativeTarget "OnlineEvents" */ = {
			isa = XCConfigurationList;
			buildConfigurations = (
				E6C9ECDB2B41B69B003F107A /* Debug */,
				E6C9ECDC2B41B69B003F107A /* Release */,
			);
			defaultConfigurationIsVisible = 0;
			defaultConfigurationName = Release;
		};
/* End XCConfigurationList section */

/* Begin XCRemoteSwiftPackageReference section */
		E6FA3F2C2B5AB489008221A1 /* XCRemoteSwiftPackageReference "swift-markdown-ui" */ = {
			isa = XCRemoteSwiftPackageReference;
			repositoryURL = "https://github.com/gonzalezreal/swift-markdown-ui.git";
			requirement = {
				kind = upToNextMajorVersion;
				minimumVersion = 2.3.0;
			};
		};
/* End XCRemoteSwiftPackageReference section */

/* Begin XCSwiftPackageProductDependency section */
		E6FA3F2D2B5AB489008221A1 /* MarkdownUI */ = {
			isa = XCSwiftPackageProductDependency;
			package = E6FA3F2C2B5AB489008221A1 /* XCRemoteSwiftPackageReference "swift-markdown-ui" */;
			productName = MarkdownUI;
		};
/* End XCSwiftPackageProductDependency section */
	};
	rootObject = E6C9ECAE2B41B69A003F107A /* Project object */;
}
